
Microsoft Visual Studio Solution File, Format Version 12.00
# Visual Studio Version 17
VisualStudioVersion = 17.0.31903.59
MinimumVisualStudioVersion = 10.0.40219.1
Project("{2150E333-8FDC-42A3-9474-1A3956D46DE8}") = "src", "src", "{827E0CD3-B72D-47B6-A68D-7590B98EB39B}"
EndProject
Project("{FAE04EC0-301F-11D3-BF4B-00C04F79EFBC}") = "DataStructures", "src\DataStructures\DataStructures.csproj", "{8AFD61D3-F0F7-490E-9A39-CB90DDA57A1A}"
EndProject
Project("{FAE04EC0-301F-11D3-BF4B-00C04F79EFBC}") = "Algorithms", "src\Algorithms\Algorithms.csproj", "{B558AEAF-7F3F-4B02-84E2-304F80F77F87}"
EndProject
Project("{FAE04EC0-301F-11D3-BF4B-00C04F79EFBC}") = "Playground", "src\Playground\Playground.csproj", "{A4764D21-16A7-4D79-BE00-95DB2623C81F}"
EndProject
Project("{2150E333-8FDC-42A3-9474-1A3956D46DE8}") = "tests", "tests", "{0AB3BF05-4346-4AA6-1389-037BE0695223}"
EndProject
Project("{FAE04EC0-301F-11D3-BF4B-00C04F79EFBC}") = "DataStructures.Tests", "tests\DataStructures.Tests\DataStructures.Tests.csproj", "{AD9E07D4-B644-4057-88A1-8AFD18832BAC}"
EndProject
Project("{FAE04EC0-301F-11D3-BF4B-00C04F79EFBC}") = "Algorithms.Tests", "tests\Algorithms.Tests\Algorithms.Tests.csproj", "{0A2FACF7-7AFE-4FE2-AC3A-0F7490985114}"
EndProject
Project("{FAE04EC0-301F-11D3-BF4B-00C04F79EFBC}") = "Playground.Tests", "tests\Playground.Tests\Playground.Tests.csproj", "{8BE53EB5-D43E-4443-9EFE-7BBA337DDAFB}"
EndProject
Project("{2150E333-8FDC-42A3-9474-1A3956D46DE8}") = "benchmarks", "benchmarks", "{66320409-64EC-F7C5-3DEF-65E7510DAAD1}"
EndProject
Project("{FAE04EC0-301F-11D3-BF4B-00C04F79EFBC}") = "DataStructureBenchmarks", "benchmarks\DataStructureBenchmarks\DataStructureBenchmarks.csproj", "{4814DF7A-DCE5-4A30-A8DD-8BAC5ECAD445}"
EndProject
Project("{FAE04EC0-301F-11D3-BF4B-00C04F79EFBC}") = "AlgorithmBenchmarks", "benchmarks\AlgorithmBenchmarks\AlgorithmBenchmarks.csproj", "{C0F1ED3F-6316-4A0C-A568-11AFC99DAA7B}"
EndProject
Global
	GlobalSection(SolutionConfigurationPlatforms) = preSolution
		Debug|Any CPU = Debug|Any CPU
		Debug|x64 = Debug|x64
		Debug|x86 = Debug|x86
		Release|Any CPU = Release|Any CPU
		Release|x64 = Release|x64
		Release|x86 = Release|x86
	EndGlobalSection
	GlobalSection(ProjectConfigurationPlatforms) = postSolution
		{8AFD61D3-F0F7-490E-9A39-CB90DDA57A1A}.Debug|Any CPU.ActiveCfg = Debug|Any CPU
		{8AFD61D3-F0F7-490E-9A39-CB90DDA57A1A}.Debug|Any CPU.Build.0 = Debug|Any CPU
		{8AFD61D3-F0F7-490E-9A39-CB90DDA57A1A}.Debug|x64.ActiveCfg = Debug|Any CPU
		{8AFD61D3-F0F7-490E-9A39-CB90DDA57A1A}.Debug|x64.Build.0 = Debug|Any CPU
		{8AFD61D3-F0F7-490E-9A39-CB90DDA57A1A}.Debug|x86.ActiveCfg = Debug|Any CPU
		{8AFD61D3-F0F7-490E-9A39-CB90DDA57A1A}.Debug|x86.Build.0 = Debug|Any CPU
		{8AFD61D3-F0F7-490E-9A39-CB90DDA57A1A}.Release|Any CPU.ActiveCfg = Release|Any CPU
		{8AFD61D3-F0F7-490E-9A39-CB90DDA57A1A}.Release|Any CPU.Build.0 = Release|Any CPU
		{8AFD61D3-F0F7-490E-9A39-CB90DDA57A1A}.Release|x64.ActiveCfg = Release|Any CPU
		{8AFD61D3-F0F7-490E-9A39-CB90DDA57A1A}.Release|x64.Build.0 = Release|Any CPU
		{8AFD61D3-F0F7-490E-9A39-CB90DDA57A1A}.Release|x86.ActiveCfg = Release|Any CPU
		{8AFD61D3-F0F7-490E-9A39-CB90DDA57A1A}.Release|x86.Build.0 = Release|Any CPU
		{B558AEAF-7F3F-4B02-84E2-304F80F77F87}.Debug|Any CPU.ActiveCfg = Debug|Any CPU
		{B558AEAF-7F3F-4B02-84E2-304F80F77F87}.Debug|Any CPU.Build.0 = Debug|Any CPU
		{B558AEAF-7F3F-4B02-84E2-304F80F77F87}.Debug|x64.ActiveCfg = Debug|Any CPU
		{B558AEAF-7F3F-4B02-84E2-304F80F77F87}.Debug|x64.Build.0 = Debug|Any CPU
		{B558AEAF-7F3F-4B02-84E2-304F80F77F87}.Debug|x86.ActiveCfg = Debug|Any CPU
		{B558AEAF-7F3F-4B02-84E2-304F80F77F87}.Debug|x86.Build.0 = Debug|Any CPU
		{B558AEAF-7F3F-4B02-84E2-304F80F77F87}.Release|Any CPU.ActiveCfg = Release|Any CPU
		{B558AEAF-7F3F-4B02-84E2-304F80F77F87}.Release|Any CPU.Build.0 = Release|Any CPU
		{B558AEAF-7F3F-4B02-84E2-304F80F77F87}.Release|x64.ActiveCfg = Release|Any CPU
		{B558AEAF-7F3F-4B02-84E2-304F80F77F87}.Release|x64.Build.0 = Release|Any CPU
		{B558AEAF-7F3F-4B02-84E2-304F80F77F87}.Release|x86.ActiveCfg = Release|Any CPU
		{B558AEAF-7F3F-4B02-84E2-304F80F77F87}.Release|x86.Build.0 = Release|Any CPU
		{A4764D21-16A7-4D79-BE00-95DB2623C81F}.Debug|Any CPU.ActiveCfg = Debug|Any CPU
		{A4764D21-16A7-4D79-BE00-95DB2623C81F}.Debug|Any CPU.Build.0 = Debug|Any CPU
		{A4764D21-16A7-4D79-BE00-95DB2623C81F}.Debug|x64.ActiveCfg = Debug|Any CPU
		{A4764D21-16A7-4D79-BE00-95DB2623C81F}.Debug|x64.Build.0 = Debug|Any CPU
		{A4764D21-16A7-4D79-BE00-95DB2623C81F}.Debug|x86.ActiveCfg = Debug|Any CPU
		{A4764D21-16A7-4D79-BE00-95DB2623C81F}.Debug|x86.Build.0 = Debug|Any CPU
		{A4764D21-16A7-4D79-BE00-95DB2623C81F}.Release|Any CPU.ActiveCfg = Release|Any CPU
		{A4764D21-16A7-4D79-BE00-95DB2623C81F}.Release|Any CPU.Build.0 = Release|Any CPU
		{A4764D21-16A7-4D79-BE00-95DB2623C81F}.Release|x64.ActiveCfg = Release|Any CPU
		{A4764D21-16A7-4D79-BE00-95DB2623C81F}.Release|x64.Build.0 = Release|Any CPU
		{A4764D21-16A7-4D79-BE00-95DB2623C81F}.Release|x86.ActiveCfg = Release|Any CPU
		{A4764D21-16A7-4D79-BE00-95DB2623C81F}.Release|x86.Build.0 = Release|Any CPU
		{AD9E07D4-B644-4057-88A1-8AFD18832BAC}.Debug|Any CPU.ActiveCfg = Debug|Any CPU
		{AD9E07D4-B644-4057-88A1-8AFD18832BAC}.Debug|Any CPU.Build.0 = Debug|Any CPU
		{AD9E07D4-B644-4057-88A1-8AFD18832BAC}.Debug|x64.ActiveCfg = Debug|Any CPU
		{AD9E07D4-B644-4057-88A1-8AFD18832BAC}.Debug|x64.Build.0 = Debug|Any CPU
		{AD9E07D4-B644-4057-88A1-8AFD18832BAC}.Debug|x86.ActiveCfg = Debug|Any CPU
		{AD9E07D4-B644-4057-88A1-8AFD18832BAC}.Debug|x86.Build.0 = Debug|Any CPU
		{AD9E07D4-B644-4057-88A1-8AFD18832BAC}.Release|Any CPU.ActiveCfg = Release|Any CPU
		{AD9E07D4-B644-4057-88A1-8AFD18832BAC}.Release|Any CPU.Build.0 = Release|Any CPU
		{AD9E07D4-B644-4057-88A1-8AFD18832BAC}.Release|x64.ActiveCfg = Release|Any CPU
		{AD9E07D4-B644-4057-88A1-8AFD18832BAC}.Release|x64.Build.0 = Release|Any CPU
		{AD9E07D4-B644-4057-88A1-8AFD18832BAC}.Release|x86.ActiveCfg = Release|Any CPU
		{AD9E07D4-B644-4057-88A1-8AFD18832BAC}.Release|x86.Build.0 = Release|Any CPU
		{0A2FACF7-7AFE-4FE2-AC3A-0F7490985114}.Debug|Any CPU.ActiveCfg = Debug|Any CPU
		{0A2FACF7-7AFE-4FE2-AC3A-0F7490985114}.Debug|Any CPU.Build.0 = Debug|Any CPU
		{0A2FACF7-7AFE-4FE2-AC3A-0F7490985114}.Debug|x64.ActiveCfg = Debug|Any CPU
		{0A2FACF7-7AFE-4FE2-AC3A-0F7490985114}.Debug|x64.Build.0 = Debug|Any CPU
		{0A2FACF7-7AFE-4FE2-AC3A-0F7490985114}.Debug|x86.ActiveCfg = Debug|Any CPU
		{0A2FACF7-7AFE-4FE2-AC3A-0F7490985114}.Debug|x86.Build.0 = Debug|Any CPU
		{0A2FACF7-7AFE-4FE2-AC3A-0F7490985114}.Release|Any CPU.ActiveCfg = Release|Any CPU
		{0A2FACF7-7AFE-4FE2-AC3A-0F7490985114}.Release|Any CPU.Build.0 = Release|Any CPU
		{0A2FACF7-7AFE-4FE2-AC3A-0F7490985114}.Release|x64.ActiveCfg = Release|Any CPU
		{0A2FACF7-7AFE-4FE2-AC3A-0F7490985114}.Release|x64.Build.0 = Release|Any CPU
		{0A2FACF7-7AFE-4FE2-AC3A-0F7490985114}.Release|x86.ActiveCfg = Release|Any CPU
		{0A2FACF7-7AFE-4FE2-AC3A-0F7490985114}.Release|x86.Build.0 = Release|Any CPU
		{8BE53EB5-D43E-4443-9EFE-7BBA337DDAFB}.Debug|Any CPU.ActiveCfg = Debug|Any CPU
		{8BE53EB5-D43E-4443-9EFE-7BBA337DDAFB}.Debug|Any CPU.Build.0 = Debug|Any CPU
		{8BE53EB5-D43E-4443-9EFE-7BBA337DDAFB}.Debug|x64.ActiveCfg = Debug|Any CPU
		{8BE53EB5-D43E-4443-9EFE-7BBA337DDAFB}.Debug|x64.Build.0 = Debug|Any CPU
		{8BE53EB5-D43E-4443-9EFE-7BBA337DDAFB}.Debug|x86.ActiveCfg = Debug|Any CPU
		{8BE53EB5-D43E-4443-9EFE-7BBA337DDAFB}.Debug|x86.Build.0 = Debug|Any CPU
		{8BE53EB5-D43E-4443-9EFE-7BBA337DDAFB}.Release|Any CPU.ActiveCfg = Release|Any CPU
		{8BE53EB5-D43E-4443-9EFE-7BBA337DDAFB}.Release|Any CPU.Build.0 = Release|Any CPU
		{8BE53EB5-D43E-4443-9EFE-7BBA337DDAFB}.Release|x64.ActiveCfg = Release|Any CPU
		{8BE53EB5-D43E-4443-9EFE-7BBA337DDAFB}.Release|x64.Build.0 = Release|Any CPU
		{8BE53EB5-D43E-4443-9EFE-7BBA337DDAFB}.Release|x86.ActiveCfg = Release|Any CPU
		{8BE53EB5-D43E-4443-9EFE-7BBA337DDAFB}.Release|x86.Build.0 = Release|Any CPU
		{4814DF7A-DCE5-4A30-A8DD-8BAC5ECAD445}.Debug|Any CPU.ActiveCfg = Debug|Any CPU
		{4814DF7A-DCE5-4A30-A8DD-8BAC5ECAD445}.Debug|Any CPU.Build.0 = Debug|Any CPU
		{4814DF7A-DCE5-4A30-A8DD-8BAC5ECAD445}.Debug|x64.ActiveCfg = Debug|Any CPU
		{4814DF7A-DCE5-4A30-A8DD-8BAC5ECAD445}.Debug|x64.Build.0 = Debug|Any CPU
		{4814DF7A-DCE5-4A30-A8DD-8BAC5ECAD445}.Debug|x86.ActiveCfg = Debug|Any CPU
		{4814DF7A-DCE5-4A30-A8DD-8BAC5ECAD445}.Debug|x86.Build.0 = Debug|Any CPU
		{4814DF7A-DCE5-4A30-A8DD-8BAC5ECAD445}.Release|Any CPU.ActiveCfg = Release|Any CPU
		{4814DF7A-DCE5-4A30-A8DD-8BAC5ECAD445}.Release|Any CPU.Build.0 = Release|Any CPU
		{4814DF7A-DCE5-4A30-A8DD-8BAC5ECAD445}.Release|x64.ActiveCfg = Release|Any CPU
		{4814DF7A-DCE5-4A30-A8DD-8BAC5ECAD445}.Release|x64.Build.0 = Release|Any CPU
		{4814DF7A-DCE5-4A30-A8DD-8BAC5ECAD445}.Release|x86.ActiveCfg = Release|Any CPU
		{4814DF7A-DCE5-4A30-A8DD-8BAC5ECAD445}.Release|x86.Build.0 = Release|Any CPU
		{C0F1ED3F-6316-4A0C-A568-11AFC99DAA7B}.Debug|Any CPU.ActiveCfg = Debug|Any CPU
		{C0F1ED3F-6316-4A0C-A568-11AFC99DAA7B}.Debug|Any CPU.Build.0 = Debug|Any CPU
		{C0F1ED3F-6316-4A0C-A568-11AFC99DAA7B}.Debug|x64.ActiveCfg = Debug|Any CPU
		{C0F1ED3F-6316-4A0C-A568-11AFC99DAA7B}.Debug|x64.Build.0 = Debug|Any CPU
		{C0F1ED3F-6316-4A0C-A568-11AFC99DAA7B}.Debug|x86.ActiveCfg = Debug|Any CPU
		{C0F1ED3F-6316-4A0C-A568-11AFC99DAA7B}.Debug|x86.Build.0 = Debug|Any CPU
		{C0F1ED3F-6316-4A0C-A568-11AFC99DAA7B}.Release|Any CPU.ActiveCfg = Release|Any CPU
		{C0F1ED3F-6316-4A0C-A568-11AFC99DAA7B}.Release|Any CPU.Build.0 = Release|Any CPU
		{C0F1ED3F-6316-4A0C-A568-11AFC99DAA7B}.Release|x64.ActiveCfg = Release|Any CPU
		{C0F1ED3F-6316-4A0C-A568-11AFC99DAA7B}.Release|x64.Build.0 = Release|Any CPU
		{C0F1ED3F-6316-4A0C-A568-11AFC99DAA7B}.Release|x86.ActiveCfg = Release|Any CPU
		{C0F1ED3F-6316-4A0C-A568-11AFC99DAA7B}.Release|x86.Build.0 = Release|Any CPU
	EndGlobalSection
	GlobalSection(SolutionProperties) = preSolution
		HideSolutionNode = FALSE
	EndGlobalSection
	GlobalSection(NestedProjects) = preSolution
		{8AFD61D3-F0F7-490E-9A39-CB90DDA57A1A} = {827E0CD3-B72D-47B6-A68D-7590B98EB39B}
		{B558AEAF-7F3F-4B02-84E2-304F80F77F87} = {827E0CD3-B72D-47B6-A68D-7590B98EB39B}
		{A4764D21-16A7-4D79-BE00-95DB2623C81F} = {827E0CD3-B72D-47B6-A68D-7590B98EB39B}
		{AD9E07D4-B644-4057-88A1-8AFD18832BAC} = {0AB3BF05-4346-4AA6-1389-037BE0695223}
		{0A2FACF7-7AFE-4FE2-AC3A-0F7490985114} = {0AB3BF05-4346-4AA6-1389-037BE0695223}
		{8BE53EB5-D43E-4443-9EFE-7BBA337DDAFB} = {0AB3BF05-4346-4AA6-1389-037BE0695223}
		{4814DF7A-DCE5-4A30-A8DD-8BAC5ECAD445} = {66320409-64EC-F7C5-3DEF-65E7510DAAD1}
		{C0F1ED3F-6316-4A0C-A568-11AFC99DAA7B} = {66320409-64EC-F7C5-3DEF-65E7510DAAD1}
	EndGlobalSection
EndGlobal
